// !$*UTF8*$!
{
	archiveVersion = 1;
	classes = {
	};
	objectVersion = 46;
	objects = {

/* Begin PBXBuildFile section */
		953D31CF1E320CF6004E48DB /* AppDelegate.swift in Sources */ = {isa = PBXBuildFile; fileRef = 953D31CE1E320CF6004E48DB /* AppDelegate.swift */; };
		953D31D11E320CF6004E48DB /* ViewController.swift in Sources */ = {isa = PBXBuildFile; fileRef = 953D31D01E320CF6004E48DB /* ViewController.swift */; };
		953D31D41E320CF6004E48DB /* Main.storyboard in Resources */ = {isa = PBXBuildFile; fileRef = 953D31D21E320CF6004E48DB /* Main.storyboard */; };
		953D31D71E320CF6004E48DB /* packers.xcdatamodeld in Sources */ = {isa = PBXBuildFile; fileRef = 953D31D51E320CF6004E48DB /* packers.xcdatamodeld */; };
		953D31D91E320CF6004E48DB /* Assets.xcassets in Resources */ = {isa = PBXBuildFile; fileRef = 953D31D81E320CF6004E48DB /* Assets.xcassets */; };
		953D31DC1E320CF6004E48DB /* LaunchScreen.storyboard in Resources */ = {isa = PBXBuildFile; fileRef = 953D31DA1E320CF6004E48DB /* LaunchScreen.storyboard */; };
		953D31E71E320CF6004E48DB /* packersTests.swift in Sources */ = {isa = PBXBuildFile; fileRef = 953D31E61E320CF6004E48DB /* packersTests.swift */; };
		953D31F21E320CF6004E48DB /* packersUITests.swift in Sources */ = {isa = PBXBuildFile; fileRef = 953D31F11E320CF6004E48DB /* packersUITests.swift */; };
		953D32001E320D51004E48DB /* Podfile in Resources */ = {isa = PBXBuildFile; fileRef = 953D31FF1E320D51004E48DB /* Podfile */; };
/* End PBXBuildFile section */

/* Begin PBXContainerItemProxy section */
		953D31E31E320CF6004E48DB /* PBXContainerItemProxy */ = {
			isa = PBXContainerItemProxy;
			containerPortal = 953D31C31E320CF6004E48DB /* Project object */;
			proxyType = 1;
			remoteGlobalIDString = 953D31CA1E320CF6004E48DB;
			remoteInfo = packers;
		};
		953D31EE1E320CF6004E48DB /* PBXContainerItemProxy */ = {
			isa = PBXContainerItemProxy;
			containerPortal = 953D31C31E320CF6004E48DB /* Project object */;
			proxyType = 1;
			remoteGlobalIDString = 953D31CA1E320CF6004E48DB;
			remoteInfo = packers;
		};
/* End PBXContainerItemProxy section */

/* Begin PBXFileReference section */
		953D31CB1E320CF6004E48DB /* packers.app */ = {isa = PBXFileReference; explicitFileType = wrapper.application; includeInIndex = 0; path = packers.app; sourceTree = BUILT_PRODUCTS_DIR; };
		953D31CE1E320CF6004E48DB /* AppDelegate.swift */ = {isa = PBXFileReference; lastKnownFileType = sourcecode.swift; path = AppDelegate.swift; sourceTree = "<group>"; };
		953D31D01E320CF6004E48DB /* ViewController.swift */ = {isa = PBXFileReference; lastKnownFileType = sourcecode.swift; path = ViewController.swift; sourceTree = "<group>"; };
		953D31D31E320CF6004E48DB /* Base */ = {isa = PBXFileReference; lastKnownFileType = file.storyboard; name = Base; path = Base.lproj/Main.storyboard; sourceTree = "<group>"; };
		953D31D61E320CF6004E48DB /* packers.xcdatamodel */ = {isa = PBXFileReference; lastKnownFileType = wrapper.xcdatamodel; path = packers.xcdatamodel; sourceTree = "<group>"; };
		953D31D81E320CF6004E48DB /* Assets.xcassets */ = {isa = PBXFileReference; lastKnownFileType = folder.assetcatalog; path = Assets.xcassets; sourceTree = "<group>"; };
		953D31DB1E320CF6004E48DB /* Base */ = {isa = PBXFileReference; lastKnownFileType = file.storyboard; name = Base; path = Base.lproj/LaunchScreen.storyboard; sourceTree = "<group>"; };
		953D31DD1E320CF6004E48DB /* Info.plist */ = {isa = PBXFileReference; lastKnownFileType = text.plist.xml; path = Info.plist; sourceTree = "<group>"; };
		953D31E21E320CF6004E48DB /* packersTests.xctest */ = {isa = PBXFileReference; explicitFileType = wrapper.cfbundle; includeInIndex = 0; path = packersTests.xctest; sourceTree = BUILT_PRODUCTS_DIR; };
		953D31E61E320CF6004E48DB /* packersTests.swift */ = {isa = PBXFileReference; lastKnownFileType = sourcecode.swift; path = packersTests.swift; sourceTree = "<group>"; };
		953D31E81E320CF6004E48DB /* Info.plist */ = {isa = PBXFileReference; lastKnownFileType = text.plist.xml; path = Info.plist; sourceTree = "<group>"; };
		953D31ED1E320CF6004E48DB /* packersUITests.xctest */ = {isa = PBXFileReference; explicitFileType = wrapper.cfbundle; includeInIndex = 0; path = packersUITests.xctest; sourceTree = BUILT_PRODUCTS_DIR; };
		953D31F11E320CF6004E48DB /* packersUITests.swift */ = {isa = PBXFileReference; lastKnownFileType = sourcecode.swift; path = packersUITests.swift; sourceTree = "<group>"; };
		953D31F31E320CF6004E48DB /* Info.plist */ = {isa = PBXFileReference; lastKnownFileType = text.plist.xml; path = Info.plist; sourceTree = "<group>"; };
		953D31FF1E320D51004E48DB /* Podfile */ = {isa = PBXFileReference; fileEncoding = 4; lastKnownFileType = text; path = Podfile; sourceTree = "<group>"; };
/* End PBXFileReference section */

/* Begin PBXFrameworksBuildPhase section */
		953D31C81E320CF6004E48DB /* Frameworks */ = {
			isa = PBXFrameworksBuildPhase;
			buildActionMask = 2147483647;
			files = (
			);
			runOnlyForDeploymentPostprocessing = 0;
		};
		953D31DF1E320CF6004E48DB /* Frameworks */ = {
			isa = PBXFrameworksBuildPhase;
			buildActionMask = 2147483647;
			files = (
			);
			runOnlyForDeploymentPostprocessing = 0;
		};
		953D31EA1E320CF6004E48DB /* Frameworks */ = {
			isa = PBXFrameworksBuildPhase;
			buildActionMask = 2147483647;
			files = (
			);
			runOnlyForDeploymentPostprocessing = 0;
		};
/* End PBXFrameworksBuildPhase section */

/* Begin PBXGroup section */
		953D31C21E320CF6004E48DB = {
			isa = PBXGroup;
			children = (
				953D31FF1E320D51004E48DB /* Podfile */,
				953D31CD1E320CF6004E48DB /* packers */,
				953D31E51E320CF6004E48DB /* packersTests */,
				953D31F01E320CF6004E48DB /* packersUITests */,
				953D31CC1E320CF6004E48DB /* Products */,
			);
			sourceTree = "<group>";
		};
		953D31CC1E320CF6004E48DB /* Products */ = {
			isa = PBXGroup;
			children = (
				953D31CB1E320CF6004E48DB /* packers.app */,
				953D31E21E320CF6004E48DB /* packersTests.xctest */,
				953D31ED1E320CF6004E48DB /* packersUITests.xctest */,
			);
			name = Products;
			sourceTree = "<group>";
		};
		953D31CD1E320CF6004E48DB /* packers */ = {
			isa = PBXGroup;
			children = (
				953D31CE1E320CF6004E48DB /* AppDelegate.swift */,
				953D31D01E320CF6004E48DB /* ViewController.swift */,
				953D31D21E320CF6004E48DB /* Main.storyboard */,
				953D31D81E320CF6004E48DB /* Assets.xcassets */,
				953D31DA1E320CF6004E48DB /* LaunchScreen.storyboard */,
				953D31DD1E320CF6004E48DB /* Info.plist */,
				953D31D51E320CF6004E48DB /* packers.xcdatamodeld */,
			);
			path = packers;
			sourceTree = "<group>";
		};
		953D31E51E320CF6004E48DB /* packersTests */ = {
			isa = PBXGroup;
			children = (
				953D31E61E320CF6004E48DB /* packersTests.swift */,
				953D31E81E320CF6004E48DB /* Info.plist */,
			);
			path = packersTests;
			sourceTree = "<group>";
		};
		953D31F01E320CF6004E48DB /* packersUITests */ = {
			isa = PBXGroup;
			children = (
				953D31F11E320CF6004E48DB /* packersUITests.swift */,
				953D31F31E320CF6004E48DB /* Info.plist */,
			);
			path = packersUITests;
			sourceTree = "<group>";
		};
/* End PBXGroup section */

/* Begin PBXNativeTarget section */
		953D31CA1E320CF6004E48DB /* packers */ = {
			isa = PBXNativeTarget;
			buildConfigurationList = 953D31F61E320CF6004E48DB /* Build configuration list for PBXNativeTarget "packers" */;
			buildPhases = (
				953D31C71E320CF6004E48DB /* Sources */,
				953D31C81E320CF6004E48DB /* Frameworks */,
				953D31C91E320CF6004E48DB /* Resources */,
			);
			buildRules = (
			);
			dependencies = (
			);
			name = packers;
			productName = packers;
			productReference = 953D31CB1E320CF6004E48DB /* packers.app */;
			productType = "com.apple.product-type.application";
		};
		953D31E11E320CF6004E48DB /* packersTests */ = {
			isa = PBXNativeTarget;
			buildConfigurationList = 953D31F91E320CF6004E48DB /* Build configuration list for PBXNativeTarget "packersTests" */;
			buildPhases = (
				953D31DE1E320CF6004E48DB /* Sources */,
				953D31DF1E320CF6004E48DB /* Frameworks */,
				953D31E01E320CF6004E48DB /* Resources */,
			);
			buildRules = (
			);
			dependencies = (
				953D31E41E320CF6004E48DB /* PBXTargetDependency */,
			);
			name = packersTests;
			productName = packersTests;
			productReference = 953D31E21E320CF6004E48DB /* packersTests.xctest */;
			productType = "com.apple.product-type.bundle.unit-test";
		};
		953D31EC1E320CF6004E48DB /* packersUITests */ = {
			isa = PBXNativeTarget;
			buildConfigurationList = 953D31FC1E320CF6004E48DB /* Build configuration list for PBXNativeTarget "packersUITests" */;
			buildPhases = (
				953D31E91E320CF6004E48DB /* Sources */,
				953D31EA1E320CF6004E48DB /* Frameworks */,
				953D31EB1E320CF6004E48DB /* Resources */,
			);
			buildRules = (
			);
			dependencies = (
				953D31EF1E320CF6004E48DB /* PBXTargetDependency */,
			);
			name = packersUITests;
			productName = packersUITests;
			productReference = 953D31ED1E320CF6004E48DB /* packersUITests.xctest */;
			productType = "com.apple.product-type.bundle.ui-testing";
		};
/* End PBXNativeTarget section */

/* Begin PBXProject section */
		953D31C31E320CF6004E48DB /* Project object */ = {
			isa = PBXProject;
			attributes = {
				LastSwiftUpdateCheck = 0820;
				LastUpgradeCheck = 0820;
				ORGANIZATIONNAME = "Rickzon Hagos";
				TargetAttributes = {
					953D31CA1E320CF6004E48DB = {
						CreatedOnToolsVersion = 8.2;
						DevelopmentTeam = NW33Q88LU3;
						ProvisioningStyle = Automatic;
					};
					953D31E11E320CF6004E48DB = {
						CreatedOnToolsVersion = 8.2;
						DevelopmentTeam = NW33Q88LU3;
						ProvisioningStyle = Automatic;
						TestTargetID = 953D31CA1E320CF6004E48DB;
					};
					953D31EC1E320CF6004E48DB = {
						CreatedOnToolsVersion = 8.2;
						DevelopmentTeam = NW33Q88LU3;
						ProvisioningStyle = Automatic;
						TestTargetID = 953D31CA1E320CF6004E48DB;
					};
				};
			};
			buildConfigurationList = 953D31C61E320CF6004E48DB /* Build configuration list for PBXProject "packers" */;
			compatibilityVersion = "Xcode 3.2";
			developmentRegion = English;
			hasScannedForEncodings = 0;
			knownRegions = (
				en,
				Base,
			);
			mainGroup = 953D31C21E320CF6004E48DB;
			productRefGroup = 953D31CC1E320CF6004E48DB /* Products */;
			projectDirPath = "";
			projectRoot = "";
			targets = (
				953D31CA1E320CF6004E48DB /* packers */,
				953D31E11E320CF6004E48DB /* packersTests */,
				953D31EC1E320CF6004E48DB /* packersUITests */,
			);
		};
/* End PBXProject section */

/* Begin PBXResourcesBuildPhase section */
		953D31C91E320CF6004E48DB /* Resources */ = {
			isa = PBXResourcesBuildPhase;
			buildActionMask = 2147483647;
			files = (
				953D31DC1E320CF6004E48DB /* LaunchScreen.storyboard in Resources */,
				953D31D91E320CF6004E48DB /* Assets.xcassets in Resources */,
				953D32001E320D51004E48DB /* Podfile in Resources */,
				953D31D41E320CF6004E48DB /* Main.storyboard in Resources */,
			);
			runOnlyForDeploymentPostprocessing = 0;
		};
		953D31E01E320CF6004E48DB /* Resources */ = {
			isa = PBXResourcesBuildPhase;
			buildActionMask = 2147483647;
			files = (
			);
			runOnlyForDeploymentPostprocessing = 0;
		};
		953D31EB1E320CF6004E48DB /* Resources */ = {
			isa = PBXResourcesBuildPhase;
			buildActionMask = 2147483647;
			files = (
			);
			runOnlyForDeploymentPostprocessing = 0;
		};
/* End PBXResourcesBuildPhase section */

/* Begin PBXSourcesBuildPhase section */
		953D31C71E320CF6004E48DB /* Sources */ = {
			isa = PBXSourcesBuildPhase;
			buildActionMask = 2147483647;
			files = (
				953D31D11E320CF6004E48DB /* ViewController.swift in Sources */,
				953D31CF1E320CF6004E48DB /* AppDelegate.swift in Sources */,
				953D31D71E320CF6004E48DB /* packers.xcdatamodeld in Sources */,
			);
			runOnlyForDeploymentPostprocessing = 0;
		};
		953D31DE1E320CF6004E48DB /* Sources */ = {
			isa = PBXSourcesBuildPhase;
			buildActionMask = 2147483647;
			files = (
				953D31E71E320CF6004E48DB /* packersTests.swift in Sources */,
			);
			runOnlyForDeploymentPostprocessing = 0;
		};
		953D31E91E320CF6004E48DB /* Sources */ = {
			isa = PBXSourcesBuildPhase;
			buildActionMask = 2147483647;
			files = (
				953D31F21E320CF6004E48DB /* packersUITests.swift in Sources */,
			);
			runOnlyForDeploymentPostprocessing = 0;
		};
/* End PBXSourcesBuildPhase section */

/* Begin PBXTargetDependency section */
		953D31E41E320CF6004E48DB /* PBXTargetDependency */ = {
			isa = PBXTargetDependency;
			target = 953D31CA1E320CF6004E48DB /* packers */;
			targetProxy = 953D31E31E320CF6004E48DB /* PBXContainerItemProxy */;
		};
		953D31EF1E320CF6004E48DB /* PBXTargetDependency */ = {
			isa = PBXTargetDependency;
			target = 953D31CA1E320CF6004E48DB /* packers */;
			targetProxy = 953D31EE1E320CF6004E48DB /* PBXContainerItemProxy */;
		};
/* End PBXTargetDependency section */

/* Begin PBXVariantGroup section */
		953D31D21E320CF6004E48DB /* Main.storyboard */ = {
			isa = PBXVariantGroup;
			children = (
				953D31D31E320CF6004E48DB /* Base */,
			);
			name = Main.storyboard;
			sourceTree = "<group>";
		};
		953D31DA1E320CF6004E48DB /* LaunchScreen.storyboard */ = {
			isa = PBXVariantGroup;
			children = (
				953D31DB1E320CF6004E48DB /* Base */,
			);
			name = LaunchScreen.storyboard;
			sourceTree = "<group>";
		};
/* End PBXVariantGroup section */

/* Begin XCBuildConfiguration section */
		953D31F41E320CF6004E48DB /* Debug */ = {
			isa = XCBuildConfiguration;
			buildSettings = {
				ALWAYS_SEARCH_USER_PATHS = NO;
				CLANG_ANALYZER_NONNULL = YES;
				CLANG_CXX_LANGUAGE_STANDARD = "gnu++0x";
				CLANG_CXX_LIBRARY = "libc++";
				CLANG_ENABLE_MODULES = YES;
				CLANG_ENABLE_OBJC_ARC = YES;
				CLANG_WARN_BOOL_CONVERSION = YES;
				CLANG_WARN_CONSTANT_CONVERSION = YES;
				CLANG_WARN_DIRECT_OBJC_ISA_USAGE = YES_ERROR;
				CLANG_WARN_DOCUMENTATION_COMMENTS = YES;
				CLANG_WARN_EMPTY_BODY = YES;
				CLANG_WARN_ENUM_CONVERSION = YES;
				CLANG_WARN_INFINITE_RECURSION = YES;
				CLANG_WARN_INT_CONVERSION = YES;
				CLANG_WARN_OBJC_ROOT_CLASS = YES_ERROR;
				CLANG_WARN_SUSPICIOUS_MOVE = YES;
				CLANG_WARN_UNREACHABLE_CODE = YES;
				CLANG_WARN__DUPLICATE_METHOD_MATCH = YES;
				"CODE_SIGN_IDENTITY[sdk=iphoneos*]" = "iPhone Developer";
				COPY_PHASE_STRIP = NO;
				DEBUG_INFORMATION_FORMAT = dwarf;
				ENABLE_STRICT_OBJC_MSGSEND = YES;
				ENABLE_TESTABILITY = YES;
				GCC_C_LANGUAGE_STANDARD = gnu99;
				GCC_DYNAMIC_NO_PIC = NO;
				GCC_NO_COMMON_BLOCKS = YES;
				GCC_OPTIMIZATION_LEVEL = 0;
				GCC_PREPROCESSOR_DEFINITIONS = (
					"DEBUG=1",
					"$(inherited)",
				);
				GCC_WARN_64_TO_32_BIT_CONVERSION = YES;
				GCC_WARN_ABOUT_RETURN_TYPE = YES_ERROR;
				GCC_WARN_UNDECLARED_SELECTOR = YES;
				GCC_WARN_UNINITIALIZED_AUTOS = YES_AGGRESSIVE;
				GCC_WARN_UNUSED_FUNCTION = YES;
				GCC_WARN_UNUSED_VARIABLE = YES;
				IPHONEOS_DEPLOYMENT_TARGET = 10.2;
				MTL_ENABLE_DEBUG_INFO = YES;
				ONLY_ACTIVE_ARCH = YES;
				SDKROOT = iphoneos;
				SWIFT_ACTIVE_COMPILATION_CONDITIONS = DEBUG;
				SWIFT_OPTIMIZATION_LEVEL = "-Onone";
			};
			name = Debug;
		};
		953D31F51E320CF6004E48DB /* Release */ = {
			isa = XCBuildConfiguration;
			buildSettings = {
				ALWAYS_SEARCH_USER_PATHS = NO;
				CLANG_ANALYZER_NONNULL = YES;
				CLANG_CXX_LANGUAGE_STANDARD = "gnu++0x";
				CLANG_CXX_LIBRARY = "libc++";
				CLANG_ENABLE_MODULES = YES;
				CLANG_ENABLE_OBJC_ARC = YES;
				CLANG_WARN_BOOL_CONVERSION = YES;
				CLANG_WARN_CONSTANT_CONVERSION = YES;
				CLANG_WARN_DIRECT_OBJC_ISA_USAGE = YES_ERROR;
				CLANG_WARN_DOCUMENTATION_COMMENTS = YES;
				CLANG_WARN_EMPTY_BODY = YES;
				CLANG_WARN_ENUM_CONVERSION = YES;
				CLANG_WARN_INFINITE_RECURSION = YES;
				CLANG_WARN_INT_CONVERSION = YES;
				CLANG_WARN_OBJC_ROOT_CLASS = YES_ERROR;
				CLANG_WARN_SUSPICIOUS_MOVE = YES;
				CLANG_WARN_UNREACHABLE_CODE = YES;
				CLANG_WARN__DUPLICATE_METHOD_MATCH = YES;
				"CODE_SIGN_IDENTITY[sdk=iphoneos*]" = "iPhone Developer";
				COPY_PHASE_STRIP = NO;
				DEBUG_INFORMATION_FORMAT = "dwarf-with-dsym";
				ENABLE_NS_ASSERTIONS = NO;
				ENABLE_STRICT_OBJC_MSGSEND = YES;
				GCC_C_LANGUAGE_STANDARD = gnu99;
				GCC_NO_COMMON_BLOCKS = YES;
				GCC_WARN_64_TO_32_BIT_CONVERSION = YES;
				GCC_WARN_ABOUT_RETURN_TYPE = YES_ERROR;
				GCC_WARN_UNDECLARED_SELECTOR = YES;
				GCC_WARN_UNINITIALIZED_AUTOS = YES_AGGRESSIVE;
				GCC_WARN_UNUSED_FUNCTION = YES;
				GCC_WARN_UNUSED_VARIABLE = YES;
				IPHONEOS_DEPLOYMENT_TARGET = 10.2;
				MTL_ENABLE_DEBUG_INFO = NO;
				SDKROOT = iphoneos;
				SWIFT_OPTIMIZATION_LEVEL = "-Owholemodule";
				VALIDATE_PRODUCT = YES;
			};
			name = Release;
		};
		953D31F71E320CF6004E48DB /* Debug */ = {
			isa = XCBuildConfiguration;
			buildSettings = {
				ASSETCATALOG_COMPILER_APPICON_NAME = AppIcon;
				DEVELOPMENT_TEAM = NW33Q88LU3;
				INFOPLIST_FILE = packers/Info.plist;
				LD_RUNPATH_SEARCH_PATHS = "$(inherited) @executable_path/Frameworks";
				PRODUCT_BUNDLE_IDENTIFIER = com.cirrena.packers;
				PRODUCT_NAME = "$(TARGET_NAME)";
				SWIFT_VERSION = 3.0;
			};
			name = Debug;
		};
		953D31F81E320CF6004E48DB /* Release */ = {
			isa = XCBuildConfiguration;
			buildSettings = {
				ASSETCATALOG_COMPILER_APPICON_NAME = AppIcon;
				DEVELOPMENT_TEAM = NW33Q88LU3;
				INFOPLIST_FILE = packers/Info.plist;
				LD_RUNPATH_SEARCH_PATHS = "$(inherited) @executable_path/Frameworks";
				PRODUCT_BUNDLE_IDENTIFIER = com.cirrena.packers;
				PRODUCT_NAME = "$(TARGET_NAME)";
				SWIFT_VERSION = 3.0;
			};
			name = Release;
		};
		953D31FA1E320CF6004E48DB /* Debug */ = {
			isa = XCBuildConfiguration;
			buildSettings = {
				ALWAYS_EMBED_SWIFT_STANDARD_LIBRARIES = YES;
				BUNDLE_LOADER = "$(TEST_HOST)";
				DEVELOPMENT_TEAM = NW33Q88LU3;
				INFOPLIST_FILE = packersTests/Info.plist;
				LD_RUNPATH_SEARCH_PATHS = "$(inherited) @executable_path/Frameworks @loader_path/Frameworks";
				PRODUCT_BUNDLE_IDENTIFIER = com.cirrena.packersTests;
				PRODUCT_NAME = "$(TARGET_NAME)";
				SWIFT_VERSION = 3.0;
				TEST_HOST = "$(BUILT_PRODUCTS_DIR)/packers.app/packers";
			};
			name = Debug;
		};
		953D31FB1E320CF6004E48DB /* Release */ = {
			isa = XCBuildConfiguration;
			buildSettings = {
				ALWAYS_EMBED_SWIFT_STANDARD_LIBRARIES = YES;
				BUNDLE_LOADER = "$(TEST_HOST)";
				DEVELOPMENT_TEAM = NW33Q88LU3;
				INFOPLIST_FILE = packersTests/Info.plist;
				LD_RUNPATH_SEARCH_PATHS = "$(inherited) @executable_path/Frameworks @loader_path/Frameworks";
				PRODUCT_BUNDLE_IDENTIFIER = com.cirrena.packersTests;
				PRODUCT_NAME = "$(TARGET_NAME)";
				SWIFT_VERSION = 3.0;
				TEST_HOST = "$(BUILT_PRODUCTS_DIR)/packers.app/packers";
			};
			name = Release;
		};
		953D31FD1E320CF6004E48DB /* Debug */ = {
			isa = XCBuildConfiguration;
			buildSettings = {
				ALWAYS_EMBED_SWIFT_STANDARD_LIBRARIES = YES;
				DEVELOPMENT_TEAM = NW33Q88LU3;
				INFOPLIST_FILE = packersUITests/Info.plist;
				LD_RUNPATH_SEARCH_PATHS = "$(inherited) @executable_path/Frameworks @loader_path/Frameworks";
				PRODUCT_BUNDLE_IDENTIFIER = com.cirrena.packersUITests;
				PRODUCT_NAME = "$(TARGET_NAME)";
				SWIFT_VERSION = 3.0;
				TEST_TARGET_NAME = packers;
			};
			name = Debug;
		};
		953D31FE1E320CF6004E48DB /* Release */ = {
			isa = XCBuildConfiguration;
			buildSettings = {
				ALWAYS_EMBED_SWIFT_STANDARD_LIBRARIES = YES;
				DEVELOPMENT_TEAM = NW33Q88LU3;
				INFOPLIST_FILE = packersUITests/Info.plist;
				LD_RUNPATH_SEARCH_PATHS = "$(inherited) @executable_path/Frameworks @loader_path/Frameworks";
				PRODUCT_BUNDLE_IDENTIFIER = com.cirrena.packersUITests;
				PRODUCT_NAME = "$(TARGET_NAME)";
				SWIFT_VERSION = 3.0;
				TEST_TARGET_NAME = packers;
			};
			name = Release;
		};
/* End XCBuildConfiguration section */

/* Begin XCConfigurationList section */
		953D31C61E320CF6004E48DB /* Build configuration list for PBXProject "packers" */ = {
			isa = XCConfigurationList;
			buildConfigurations = (
				953D31F41E320CF6004E48DB /* Debug */,
				953D31F51E320CF6004E48DB /* Release */,
			);
			defaultConfigurationIsVisible = 0;
			defaultConfigurationName = Release;
		};
		953D31F61E320CF6004E48DB /* Build configuration list for PBXNativeTarget "packers" */ = {
			isa = XCConfigurationList;
			buildConfigurations = (
				953D31F71E320CF6004E48DB /* Debug */,
				953D31F81E320CF6004E48DB /* Release */,
			);
			defaultConfigurationIsVisible = 0;
		};
		953D31F91E320CF6004E48DB /* Build configuration list for PBXNativeTarget "packersTests" */ = {
			isa = XCConfigurationList;
			buildConfigurations = (
				953D31FA1E320CF6004E48DB /* Debug */,
				953D31FB1E320CF6004E48DB /* Release */,
			);
			defaultConfigurationIsVisible = 0;
		};
		953D31FC1E320CF6004E48DB /* Build configuration list for PBXNativeTarget "packersUITests" */ = {
			isa = XCConfigurationList;
			buildConfigurations = (
				953D31FD1E320CF6004E48DB /* Debug */,
				953D31FE1E320CF6004E48DB /* Release */,
			);
			defaultConfigurationIsVisible = 0;
		};
/* End XCConfigurationList section */

/* Begin XCVersionGroup section */
		953D31D51E320CF6004E48DB /* packers.xcdatamodeld */ = {
			isa = XCVersionGroup;
			children = (
				953D31D61E320CF6004E48DB /* packers.xcdatamodel */,
			);
			currentVersion = 953D31D61E320CF6004E48DB /* packers.xcdatamodel */;
			path = packers.xcdatamodeld;
			sourceTree = "<group>";
			versionGroupType = wrapper.xcdatamodel;
		};
/* End XCVersionGroup section */
	};
	rootObject = 953D31C31E320CF6004E48DB /* Project object */;
}
